
Microsoft Visual Studio Solution File, Format Version 12.00
# Visual Studio 14
VisualStudioVersion = 14.0.23107.0
MinimumVisualStudioVersion = 10.0.40219.1
Project("{8BC9CEB8-8B4A-11D0-8D11-00A0C91BC942}") = "015", "015\015.vcxproj", "{F459F1E0-33A6-4A68-AC46-E3826CD7901C}"
EndProject
Global
	GlobalSection(SolutionConfigurationPlatforms) = preSolution
		Debug|x64 = Debug|x64
		Debug|x86 = Debug|x86
		Release|x64 = Release|x64
		Release|x86 = Release|x86
	EndGlobalSection
	GlobalSection(ProjectConfigurationPlatforms) = postSolution
		{F459F1E0-33A6-4A68-AC46-E3826CD7901C}.Debug|x64.ActiveCfg = Debug|x64
		{F459F1E0-33A6-4A68-AC46-E3826CD7901C}.Debug|x64.Build.0 = Debug|x64
		{F459F1E0-33A6-4A68-AC46-E3826CD7901C}.Debug|x86.ActiveCfg = Debug|Win32
		{F459F1E0-33A6-4A68-AC46-E3826CD7901C}.Debug|x86.Build.0 = Debug|Win32
		{F459F1E0-33A6-4A68-AC46-E3826CD7901C}.Release|x64.ActiveCfg = Release|x64
		{F459F1E0-33A6-4A68-AC46-E3826CD7901C}.Release|x64.Build.0 = Release|x64
		{F459F1E0-33A6-4A68-AC46-E3826CD7901C}.Release|x86.ActiveCfg = Release|Win32
		{F459F1E0-33A6-4A68-AC46-E3826CD7901C}.Release|x86.Build.0 = Release|Win32
	EndGlobalSection
	GlobalSection(SolutionProperties) = preSolution
		HideSolutionNode = FALSE
	EndGlobalSection
EndGlobal
