
Microsoft Visual Studio Solution File, Format Version 12.00
# Visual Studio 14
VisualStudioVersion = 14.0.23107.0
MinimumVisualStudioVersion = 10.0.40219.1
Project("{8BC9CEB8-8B4A-11D0-8D11-00A0C91BC942}") = "001", "..\001\001\001.vcxproj", "{CE09172D-7468-4612-803B-1662D007F7FA}"
EndProject
Project("{8BC9CEB8-8B4A-11D0-8D11-00A0C91BC942}") = "002", "..\002\002\002.vcxproj", "{FA470D0B-1B58-4D10-8916-9FCB7226C047}"
EndProject
Project("{8BC9CEB8-8B4A-11D0-8D11-00A0C91BC942}") = "003", "..\003\003\003.vcxproj", "{F29F6835-9C71-4E04-A3C2-75DA2083C459}"
EndProject
Project("{8BC9CEB8-8B4A-11D0-8D11-00A0C91BC942}") = "004", "..\004\004\004.vcxproj", "{C7CBC8B3-6983-44A9-B6B8-4AF0C01FF7EB}"
EndProject
Project("{8BC9CEB8-8B4A-11D0-8D11-00A0C91BC942}") = "005", "..\005\005\005.vcxproj", "{F4C354D4-2309-42DF-B883-8D2ABC27E60A}"
EndProject
Project("{8BC9CEB8-8B4A-11D0-8D11-00A0C91BC942}") = "006", "..\006\006\006.vcxproj", "{3AD0F974-9C8F-4DB9-9134-D655CE6ED580}"
EndProject
Project("{8BC9CEB8-8B4A-11D0-8D11-00A0C91BC942}") = "007", "..\007\007\007.vcxproj", "{26BEEF80-BA21-47FA-83CA-AB03946DDE11}"
EndProject
Project("{8BC9CEB8-8B4A-11D0-8D11-00A0C91BC942}") = "008", "..\008\008\008.vcxproj", "{D9FD13B3-69E6-45AF-97AA-8AD732609AEC}"
EndProject
Project("{8BC9CEB8-8B4A-11D0-8D11-00A0C91BC942}") = "009", "..\009\009\009.vcxproj", "{504789A8-5028-4A81-8375-2B238E1A0AA2}"
EndProject
Project("{8BC9CEB8-8B4A-11D0-8D11-00A0C91BC942}") = "010", "..\010\010\010.vcxproj", "{AD96FF90-6217-4A5C-B703-5415BAE27DE4}"
EndProject
Project("{8BC9CEB8-8B4A-11D0-8D11-00A0C91BC942}") = "011", "..\011\011\011.vcxproj", "{B1BBF4D1-5242-48BF-BFD3-A1C148FD020A}"
EndProject
Project("{8BC9CEB8-8B4A-11D0-8D11-00A0C91BC942}") = "014", "..\014\014\014.vcxproj", "{140ED051-BCC6-484E-86C8-66E36F89C0A0}"
EndProject
Project("{8BC9CEB8-8B4A-11D0-8D11-00A0C91BC942}") = "015", "..\015\015\015.vcxproj", "{F459F1E0-33A6-4A68-AC46-E3826CD7901C}"
EndProject
Project("{8BC9CEB8-8B4A-11D0-8D11-00A0C91BC942}") = "016", "..\016\016.vcxproj", "{5F5ED16E-1D74-4996-825E-ED36398E3926}"
EndProject
Global
	GlobalSection(SolutionConfigurationPlatforms) = preSolution
		Debug|x64 = Debug|x64
		Debug|x86 = Debug|x86
		Release|x64 = Release|x64
		Release|x86 = Release|x86
	EndGlobalSection
	GlobalSection(ProjectConfigurationPlatforms) = postSolution
		{CE09172D-7468-4612-803B-1662D007F7FA}.Debug|x64.ActiveCfg = Debug|Win32
		{CE09172D-7468-4612-803B-1662D007F7FA}.Debug|x86.ActiveCfg = Debug|Win32
		{CE09172D-7468-4612-803B-1662D007F7FA}.Debug|x86.Build.0 = Debug|Win32
		{CE09172D-7468-4612-803B-1662D007F7FA}.Release|x64.ActiveCfg = Release|Win32
		{CE09172D-7468-4612-803B-1662D007F7FA}.Release|x86.ActiveCfg = Release|Win32
		{CE09172D-7468-4612-803B-1662D007F7FA}.Release|x86.Build.0 = Release|Win32
		{FA470D0B-1B58-4D10-8916-9FCB7226C047}.Debug|x64.ActiveCfg = Debug|Win32
		{FA470D0B-1B58-4D10-8916-9FCB7226C047}.Debug|x86.ActiveCfg = Debug|Win32
		{FA470D0B-1B58-4D10-8916-9FCB7226C047}.Debug|x86.Build.0 = Debug|Win32
		{FA470D0B-1B58-4D10-8916-9FCB7226C047}.Release|x64.ActiveCfg = Release|Win32
		{FA470D0B-1B58-4D10-8916-9FCB7226C047}.Release|x86.ActiveCfg = Release|Win32
		{FA470D0B-1B58-4D10-8916-9FCB7226C047}.Release|x86.Build.0 = Release|Win32
		{F29F6835-9C71-4E04-A3C2-75DA2083C459}.Debug|x64.ActiveCfg = Debug|Win32
		{F29F6835-9C71-4E04-A3C2-75DA2083C459}.Debug|x86.ActiveCfg = Debug|Win32
		{F29F6835-9C71-4E04-A3C2-75DA2083C459}.Debug|x86.Build.0 = Debug|Win32
		{F29F6835-9C71-4E04-A3C2-75DA2083C459}.Release|x64.ActiveCfg = Release|Win32
		{F29F6835-9C71-4E04-A3C2-75DA2083C459}.Release|x86.ActiveCfg = Release|Win32
		{F29F6835-9C71-4E04-A3C2-75DA2083C459}.Release|x86.Build.0 = Release|Win32
		{C7CBC8B3-6983-44A9-B6B8-4AF0C01FF7EB}.Debug|x64.ActiveCfg = Debug|Win32
		{C7CBC8B3-6983-44A9-B6B8-4AF0C01FF7EB}.Debug|x86.ActiveCfg = Debug|Win32
		{C7CBC8B3-6983-44A9-B6B8-4AF0C01FF7EB}.Debug|x86.Build.0 = Debug|Win32
		{C7CBC8B3-6983-44A9-B6B8-4AF0C01FF7EB}.Release|x64.ActiveCfg = Release|Win32
		{C7CBC8B3-6983-44A9-B6B8-4AF0C01FF7EB}.Release|x86.ActiveCfg = Release|Win32
		{C7CBC8B3-6983-44A9-B6B8-4AF0C01FF7EB}.Release|x86.Build.0 = Release|Win32
		{F4C354D4-2309-42DF-B883-8D2ABC27E60A}.Debug|x64.ActiveCfg = Debug|Win32
		{F4C354D4-2309-42DF-B883-8D2ABC27E60A}.Debug|x86.ActiveCfg = Debug|Win32
		{F4C354D4-2309-42DF-B883-8D2ABC27E60A}.Debug|x86.Build.0 = Debug|Win32
		{F4C354D4-2309-42DF-B883-8D2ABC27E60A}.Release|x64.ActiveCfg = Release|Win32
		{F4C354D4-2309-42DF-B883-8D2ABC27E60A}.Release|x86.ActiveCfg = Release|Win32
		{F4C354D4-2309-42DF-B883-8D2ABC27E60A}.Release|x86.Build.0 = Release|Win32
		{3AD0F974-9C8F-4DB9-9134-D655CE6ED580}.Debug|x64.ActiveCfg = Debug|Win32
		{3AD0F974-9C8F-4DB9-9134-D655CE6ED580}.Debug|x86.ActiveCfg = Debug|Win32
		{3AD0F974-9C8F-4DB9-9134-D655CE6ED580}.Debug|x86.Build.0 = Debug|Win32
		{3AD0F974-9C8F-4DB9-9134-D655CE6ED580}.Release|x64.ActiveCfg = Release|Win32
		{3AD0F974-9C8F-4DB9-9134-D655CE6ED580}.Release|x86.ActiveCfg = Release|Win32
		{3AD0F974-9C8F-4DB9-9134-D655CE6ED580}.Release|x86.Build.0 = Release|Win32
		{26BEEF80-BA21-47FA-83CA-AB03946DDE11}.Debug|x64.ActiveCfg = Debug|x64
		{26BEEF80-BA21-47FA-83CA-AB03946DDE11}.Debug|x64.Build.0 = Debug|x64
		{26BEEF80-BA21-47FA-83CA-AB03946DDE11}.Debug|x86.ActiveCfg = Debug|Win32
		{26BEEF80-BA21-47FA-83CA-AB03946DDE11}.Debug|x86.Build.0 = Debug|Win32
		{26BEEF80-BA21-47FA-83CA-AB03946DDE11}.Release|x64.ActiveCfg = Release|x64
		{26BEEF80-BA21-47FA-83CA-AB03946DDE11}.Release|x64.Build.0 = Release|x64
		{26BEEF80-BA21-47FA-83CA-AB03946DDE11}.Release|x86.ActiveCfg = Release|Win32
		{26BEEF80-BA21-47FA-83CA-AB03946DDE11}.Release|x86.Build.0 = Release|Win32
		{D9FD13B3-69E6-45AF-97AA-8AD732609AEC}.Debug|x64.ActiveCfg = Debug|x64
		{D9FD13B3-69E6-45AF-97AA-8AD732609AEC}.Debug|x64.Build.0 = Debug|x64
		{D9FD13B3-69E6-45AF-97AA-8AD732609AEC}.Debug|x86.ActiveCfg = Debug|Win32
		{D9FD13B3-69E6-45AF-97AA-8AD732609AEC}.Debug|x86.Build.0 = Debug|Win32
		{D9FD13B3-69E6-45AF-97AA-8AD732609AEC}.Release|x64.ActiveCfg = Release|x64
		{D9FD13B3-69E6-45AF-97AA-8AD732609AEC}.Release|x64.Build.0 = Release|x64
		{D9FD13B3-69E6-45AF-97AA-8AD732609AEC}.Release|x86.ActiveCfg = Release|Win32
		{D9FD13B3-69E6-45AF-97AA-8AD732609AEC}.Release|x86.Build.0 = Release|Win32
		{504789A8-5028-4A81-8375-2B238E1A0AA2}.Debug|x64.ActiveCfg = Debug|x64
		{504789A8-5028-4A81-8375-2B238E1A0AA2}.Debug|x64.Build.0 = Debug|x64
		{504789A8-5028-4A81-8375-2B238E1A0AA2}.Debug|x86.ActiveCfg = Debug|Win32
		{504789A8-5028-4A81-8375-2B238E1A0AA2}.Debug|x86.Build.0 = Debug|Win32
		{504789A8-5028-4A81-8375-2B238E1A0AA2}.Release|x64.ActiveCfg = Release|x64
		{504789A8-5028-4A81-8375-2B238E1A0AA2}.Release|x64.Build.0 = Release|x64
		{504789A8-5028-4A81-8375-2B238E1A0AA2}.Release|x86.ActiveCfg = Release|Win32
		{504789A8-5028-4A81-8375-2B238E1A0AA2}.Release|x86.Build.0 = Release|Win32
		{AD96FF90-6217-4A5C-B703-5415BAE27DE4}.Debug|x64.ActiveCfg = Debug|x64
		{AD96FF90-6217-4A5C-B703-5415BAE27DE4}.Debug|x64.Build.0 = Debug|x64
		{AD96FF90-6217-4A5C-B703-5415BAE27DE4}.Debug|x86.ActiveCfg = Debug|Win32
		{AD96FF90-6217-4A5C-B703-5415BAE27DE4}.Debug|x86.Build.0 = Debug|Win32
		{AD96FF90-6217-4A5C-B703-5415BAE27DE4}.Release|x64.ActiveCfg = Release|x64
		{AD96FF90-6217-4A5C-B703-5415BAE27DE4}.Release|x64.Build.0 = Release|x64
		{AD96FF90-6217-4A5C-B703-5415BAE27DE4}.Release|x86.ActiveCfg = Release|Win32
		{AD96FF90-6217-4A5C-B703-5415BAE27DE4}.Release|x86.Build.0 = Release|Win32
		{B1BBF4D1-5242-48BF-BFD3-A1C148FD020A}.Debug|x64.ActiveCfg = Debug|x64
		{B1BBF4D1-5242-48BF-BFD3-A1C148FD020A}.Debug|x64.Build.0 = Debug|x64
		{B1BBF4D1-5242-48BF-BFD3-A1C148FD020A}.Debug|x86.ActiveCfg = Debug|Win32
		{B1BBF4D1-5242-48BF-BFD3-A1C148FD020A}.Debug|x86.Build.0 = Debug|Win32
		{B1BBF4D1-5242-48BF-BFD3-A1C148FD020A}.Release|x64.ActiveCfg = Release|x64
		{B1BBF4D1-5242-48BF-BFD3-A1C148FD020A}.Release|x64.Build.0 = Release|x64
		{B1BBF4D1-5242-48BF-BFD3-A1C148FD020A}.Release|x86.ActiveCfg = Release|Win32
		{B1BBF4D1-5242-48BF-BFD3-A1C148FD020A}.Release|x86.Build.0 = Release|Win32
		{140ED051-BCC6-484E-86C8-66E36F89C0A0}.Debug|x64.ActiveCfg = Debug|x64
		{140ED051-BCC6-484E-86C8-66E36F89C0A0}.Debug|x64.Build.0 = Debug|x64
		{140ED051-BCC6-484E-86C8-66E36F89C0A0}.Debug|x86.ActiveCfg = Debug|Win32
		{140ED051-BCC6-484E-86C8-66E36F89C0A0}.Debug|x86.Build.0 = Debug|Win32
		{140ED051-BCC6-484E-86C8-66E36F89C0A0}.Release|x64.ActiveCfg = Release|x64
		{140ED051-BCC6-484E-86C8-66E36F89C0A0}.Release|x64.Build.0 = Release|x64
		{140ED051-BCC6-484E-86C8-66E36F89C0A0}.Release|x86.ActiveCfg = Release|Win32
		{140ED051-BCC6-484E-86C8-66E36F89C0A0}.Release|x86.Build.0 = Release|Win32
		{F459F1E0-33A6-4A68-AC46-E3826CD7901C}.Debug|x64.ActiveCfg = Debug|x64
		{F459F1E0-33A6-4A68-AC46-E3826CD7901C}.Debug|x64.Build.0 = Debug|x64
		{F459F1E0-33A6-4A68-AC46-E3826CD7901C}.Debug|x86.ActiveCfg = Debug|Win32
		{F459F1E0-33A6-4A68-AC46-E3826CD7901C}.Debug|x86.Build.0 = Debug|Win32
		{F459F1E0-33A6-4A68-AC46-E3826CD7901C}.Release|x64.ActiveCfg = Release|x64
		{F459F1E0-33A6-4A68-AC46-E3826CD7901C}.Release|x64.Build.0 = Release|x64
		{F459F1E0-33A6-4A68-AC46-E3826CD7901C}.Release|x86.ActiveCfg = Release|Win32
		{F459F1E0-33A6-4A68-AC46-E3826CD7901C}.Release|x86.Build.0 = Release|Win32
		{5F5ED16E-1D74-4996-825E-ED36398E3926}.Debug|x64.ActiveCfg = Debug|x64
		{5F5ED16E-1D74-4996-825E-ED36398E3926}.Debug|x64.Build.0 = Debug|x64
		{5F5ED16E-1D74-4996-825E-ED36398E3926}.Debug|x86.ActiveCfg = Debug|Win32
		{5F5ED16E-1D74-4996-825E-ED36398E3926}.Debug|x86.Build.0 = Debug|Win32
		{5F5ED16E-1D74-4996-825E-ED36398E3926}.Release|x64.ActiveCfg = Release|x64
		{5F5ED16E-1D74-4996-825E-ED36398E3926}.Release|x64.Build.0 = Release|x64
		{5F5ED16E-1D74-4996-825E-ED36398E3926}.Release|x86.ActiveCfg = Release|Win32
		{5F5ED16E-1D74-4996-825E-ED36398E3926}.Release|x86.Build.0 = Release|Win32
	EndGlobalSection
	GlobalSection(SolutionProperties) = preSolution
		HideSolutionNode = FALSE
	EndGlobalSection
EndGlobal
